
Microsoft Visual Studio Solution File, Format Version 12.00
# Visual Studio Version 16
VisualStudioVersion = 16.0.29215.179
MinimumVisualStudioVersion = 10.0.40219.1
Project("{9A19103F-16F7-4668-BE54-9A1E7A4F7556}") = "BCompiller", "BCompiller\BCompiller.csproj", "{2A2A112A-33DD-4236-89FA-19257C2E9E3E}"
EndProject
Project("{9A19103F-16F7-4668-BE54-9A1E7A4F7556}") = "MyCore", "MyCore\MyCore.csproj", "{9CDA74A3-29D4-458A-B817-F8736F33E76B}"
EndProject
Project("{FAE04EC0-301F-11D3-BF4B-00C04F79EFBC}") = "Tester", "Tester\Tester.csproj", "{0E180003-9118-4ED2-B2C7-B560E0BE2875}"
EndProject
Global
	GlobalSection(SolutionConfigurationPlatforms) = preSolution
		Debug|Any CPU = Debug|Any CPU
		Release|Any CPU = Release|Any CPU
	EndGlobalSection
	GlobalSection(ProjectConfigurationPlatforms) = postSolution
		{2A2A112A-33DD-4236-89FA-19257C2E9E3E}.Debug|Any CPU.ActiveCfg = Debug|Any CPU
		{2A2A112A-33DD-4236-89FA-19257C2E9E3E}.Debug|Any CPU.Build.0 = Debug|Any CPU
		{2A2A112A-33DD-4236-89FA-19257C2E9E3E}.Release|Any CPU.ActiveCfg = Release|Any CPU
		{2A2A112A-33DD-4236-89FA-19257C2E9E3E}.Release|Any CPU.Build.0 = Release|Any CPU
		{9CDA74A3-29D4-458A-B817-F8736F33E76B}.Debug|Any CPU.ActiveCfg = Debug|Any CPU
		{9CDA74A3-29D4-458A-B817-F8736F33E76B}.Debug|Any CPU.Build.0 = Debug|Any CPU
		{9CDA74A3-29D4-458A-B817-F8736F33E76B}.Release|Any CPU.ActiveCfg = Release|Any CPU
		{9CDA74A3-29D4-458A-B817-F8736F33E76B}.Release|Any CPU.Build.0 = Release|Any CPU
		{0E180003-9118-4ED2-B2C7-B560E0BE2875}.Debug|Any CPU.ActiveCfg = Debug|Any CPU
		{0E180003-9118-4ED2-B2C7-B560E0BE2875}.Debug|Any CPU.Build.0 = Debug|Any CPU
		{0E180003-9118-4ED2-B2C7-B560E0BE2875}.Release|Any CPU.ActiveCfg = Release|Any CPU
		{0E180003-9118-4ED2-B2C7-B560E0BE2875}.Release|Any CPU.Build.0 = Release|Any CPU
	EndGlobalSection
	GlobalSection(SolutionProperties) = preSolution
		HideSolutionNode = FALSE
	EndGlobalSection
	GlobalSection(ExtensibilityGlobals) = postSolution
		SolutionGuid = {C61C0782-67E9-4AC6-89B2-61CD7B5681EC}
	EndGlobalSection
EndGlobal
